{
  "name": "myapp",
  "version": "1.0.0",
  "lockfileVersion": 1,
  "requires": true,
  "dependencies": {
    "jssha": {
      "version": "2.4.2",
      "resolved": "https://registry.npm.taobao.org/jssha/download/jssha-2.4.2.tgz",
      "integrity": "sha1-2VCwlWNJKL1rK9odQtqaOnYtZek="
    },
    "thirty-two": {
      "version": "1.0.2",
      "resolved": "https://registry.npm.taobao.org/thirty-two/download/thirty-two-1.0.2.tgz",
      "integrity": "sha1-TKL//AKlEpDSdEueP1V2k8prYno="
    },
    "totp.js": {
      "version": "0.0.1",
      "resolved": "https://registry.npm.taobao.org/totp.js/download/totp.js-0.0.1.tgz",
      "integrity": "sha1-Y+snyaNDNbcuvh37KFarShBhh7o=",
      "requires": {
        "jssha": "^2.3.1",
        "thirty-two": "^1.0.2"
      }
    }
  }
}
